
Microsoft Visual Studio Solution File, Format Version 12.00
# Visual Studio Version 16
VisualStudioVersion = 16.0.28803.352
MinimumVisualStudioVersion = 10.0.40219.1
Project("{9A19103F-16F7-4668-BE54-9A1E7A4F7556}") = "MTorrent", "MTorrent\MTorrent.csproj", "{899F8D5F-6611-4874-9649-E629798D9124}"
EndProject
Project("{9A19103F-16F7-4668-BE54-9A1E7A4F7556}") = "MTorrent.Tests", "MTorrent.Tests\MTorrent.Tests.csproj", "{5DB032EF-3138-4C30-9249-51A9C98F60CE}"
EndProject
Project("{9A19103F-16F7-4668-BE54-9A1E7A4F7556}") = "TestClient", "TestClient\TestClient.csproj", "{327CEB74-7215-4631-9DAB-FB51409ABDF8}"
EndProject
Project("{2150E333-8FDC-42A3-9474-1A3956D46DE8}") = "Solution Items", "Solution Items", "{76B3568C-6F62-4CE9-ADC4-168A22C85CD6}"
	ProjectSection(SolutionItems) = preProject
		license.txt = license.txt
		README.md = README.md
	EndProjectSection
EndProject
Global
	GlobalSection(SolutionConfigurationPlatforms) = preSolution
		Debug|Any CPU = Debug|Any CPU
		Release|Any CPU = Release|Any CPU
	EndGlobalSection
	GlobalSection(ProjectConfigurationPlatforms) = postSolution
		{899F8D5F-6611-4874-9649-E629798D9124}.Debug|Any CPU.ActiveCfg = Debug|Any CPU
		{899F8D5F-6611-4874-9649-E629798D9124}.Debug|Any CPU.Build.0 = Debug|Any CPU
		{899F8D5F-6611-4874-9649-E629798D9124}.Release|Any CPU.ActiveCfg = Release|Any CPU
		{899F8D5F-6611-4874-9649-E629798D9124}.Release|Any CPU.Build.0 = Release|Any CPU
		{5DB032EF-3138-4C30-9249-51A9C98F60CE}.Debug|Any CPU.ActiveCfg = Debug|Any CPU
		{5DB032EF-3138-4C30-9249-51A9C98F60CE}.Debug|Any CPU.Build.0 = Debug|Any CPU
		{5DB032EF-3138-4C30-9249-51A9C98F60CE}.Release|Any CPU.ActiveCfg = Release|Any CPU
		{5DB032EF-3138-4C30-9249-51A9C98F60CE}.Release|Any CPU.Build.0 = Release|Any CPU
		{327CEB74-7215-4631-9DAB-FB51409ABDF8}.Debug|Any CPU.ActiveCfg = Debug|Any CPU
		{327CEB74-7215-4631-9DAB-FB51409ABDF8}.Debug|Any CPU.Build.0 = Debug|Any CPU
		{327CEB74-7215-4631-9DAB-FB51409ABDF8}.Release|Any CPU.ActiveCfg = Release|Any CPU
		{327CEB74-7215-4631-9DAB-FB51409ABDF8}.Release|Any CPU.Build.0 = Release|Any CPU
	EndGlobalSection
	GlobalSection(SolutionProperties) = preSolution
		HideSolutionNode = FALSE
	EndGlobalSection
	GlobalSection(ExtensibilityGlobals) = postSolution
		SolutionGuid = {B4813EFA-037F-48C0-8DA1-DA8560E0B3DC}
	EndGlobalSection
EndGlobal
